{
  "name": "PA",
  "lockfileVersion": 3,
  "requires": true,
  "packages": {
    "": {
      "dependencies": {
        "@hazart-pkg/live2d-core": "^1.0.1",
        "live2d-react": "^0.2.0",
        "live2dcubismcore": "^1.0.2"
      }
    },
    "node_modules/@hazart-pkg/live2d-core": {
      "version": "1.0.1",
      "resolved": "https://registry.npmjs.org/@hazart-pkg/live2d-core/-/live2d-core-1.0.1.tgz",
      "integrity": "sha512-yYi4Up5fH41QFTI+CUbYD2+EIKzKO0LHlxQ3+kHsy8bghsEOAaYm64Lg12tUjhJVYPjWMSDWzdv0WsXZXT6pNQ==",
      "license": "ISC"
    },
    "node_modules/live2d-react": {
      "version": "0.2.0",
      "resolved": "https://registry.npmjs.org/live2d-react/-/live2d-react-0.2.0.tgz",
      "integrity": "sha512-A8DTlfkaX5BWGCe6ej1d9xuV50RW9akGHOdlN4E0ZPfrtR9Ig9zTvBwosnYg1sSXR6L2xKAid+Ob/lf2KSC3lQ==",
      "license": "SEE LICENSE IN LICENSE.md",
      "peerDependencies": {
        "react": "^19.0.0",
        "react-dom": "^19.0.0"
      }
    },
    "node_modules/live2dcubismcore": {
      "version": "1.0.2",
      "resolved": "https://registry.npmjs.org/live2dcubismcore/-/live2dcubismcore-1.0.2.tgz",
      "integrity": "sha512-nABJjQb6XqzQ6JDWINtu8w9a1wTHvmxh85FafeIJ6xwUTFP+TVhq81dTeB2VKLesDyIuZ7CZ1X/Vi8nin3PSIA==",
      "license": "ISC"
    },
    "node_modules/react": {
      "version": "19.2.7",
      "resolved": "https://registry.npmjs.org/react/-/react-19.2.7.tgz",
      "integrity": "sha512-HNe9WslTbXmFK8o8cmwgAeJFSBvt1bPdHCVKtaaV+WlAN36mpT4hcRpwbf3fY56ar2oIXzsBpOAiIRHAdY0OlQ==",
      "license": "MIT",
      "peer": true,
      "engines": {
        "node": ">=0.10.0"
      }
    },
    "node_modules/react-dom": {
      "version": "19.2.7",
      "resolved": "https://registry.npmjs.org/react-dom/-/react-dom-19.2.7.tgz",
      "integrity": "sha512-t0BRVXvbiE/o20Hfw669rLbMCDWtYZLvmJigy2f0MxsXF+71pxhR3xOkspmsO8h3ZlNzyibAmtCa3l4lYKk6gQ==",
      "license": "MIT",
      "peer": true,
      "dependencies": {
        "scheduler": "^0.27.0"
      },
      "peerDependencies": {
        "react": "^19.2.7"
      }
    },
    "node_modules/scheduler": {
      "version": "0.27.0",
      "resolved": "https://registry.npmjs.org/scheduler/-/scheduler-0.27.0.tgz",
      "integrity": "sha512-eNv+WrVbKu1f3vbYJT/xtiF5syA5HPIMtf9IgY/nKg0sWqzAUEvqY/xm7OcZc/qafLx/iO9FgOmeSAp4v5ti/Q==",
      "license": "MIT",
      "peer": true
    }
  }
}
